
Microsoft Visual Studio Solution File, Format Version 12.00
# Visual Studio Version 17
VisualStudioVersion = 17.7.34009.444
MinimumVisualStudioVersion = 10.0.40219.1
Project("{FAE04EC0-301F-11D3-BF4B-00C04F79EFBC}") = "WinFormsApp1", "WinFormsApp1\WinFormsApp1.csproj", "{295156D4-7312-47B8-8307-382A645049F2}"
EndProject
Global
	GlobalSection(SolutionConfigurationPlatforms) = preSolution
		Debug|Any CPU = Debug|Any CPU
		Release|Any CPU = Release|Any CPU
	EndGlobalSection
	GlobalSection(ProjectConfigurationPlatforms) = postSolution
		{295156D4-7312-47B8-8307-382A645049F2}.Debug|Any CPU.ActiveCfg = Debug|Any CPU
		{295156D4-7312-47B8-8307-382A645049F2}.Debug|Any CPU.Build.0 = Debug|Any CPU
		{295156D4-7312-47B8-8307-382A645049F2}.Release|Any CPU.ActiveCfg = Release|Any CPU
		{295156D4-7312-47B8-8307-382A645049F2}.Release|Any CPU.Build.0 = Release|Any CPU
	EndGlobalSection
	GlobalSection(SolutionProperties) = preSolution
		HideSolutionNode = FALSE
	EndGlobalSection
	GlobalSection(ExtensibilityGlobals) = postSolution
		SolutionGuid = {DB41EBCE-8EA7-4025-8024-9ABD258DAEC5}
	EndGlobalSection
EndGlobal
