
Microsoft Visual Studio Solution File, Format Version 12.00
# Visual Studio Version 16
VisualStudioVersion = 16.0.32106.194
MinimumVisualStudioVersion = 10.0.40219.1
Project("{FAE04EC0-301F-11D3-BF4B-00C04F79EFBC}") = "TestINotifyPropertyChanged", "TestINotifyPropertyChanged.csproj", "{5C1127AA-DB7F-4847-8C3F-9087B77387CD}"
EndProject
Global
	GlobalSection(SolutionConfigurationPlatforms) = preSolution
		Debug|Any CPU = Debug|Any CPU
		Release|Any CPU = Release|Any CPU
	EndGlobalSection
	GlobalSection(ProjectConfigurationPlatforms) = postSolution
		{5C1127AA-DB7F-4847-8C3F-9087B77387CD}.Debug|Any CPU.ActiveCfg = Debug|Any CPU
		{5C1127AA-DB7F-4847-8C3F-9087B77387CD}.Debug|Any CPU.Build.0 = Debug|Any CPU
		{5C1127AA-DB7F-4847-8C3F-9087B77387CD}.Release|Any CPU.ActiveCfg = Release|Any CPU
		{5C1127AA-DB7F-4847-8C3F-9087B77387CD}.Release|Any CPU.Build.0 = Release|Any CPU
	EndGlobalSection
	GlobalSection(SolutionProperties) = preSolution
		HideSolutionNode = FALSE
	EndGlobalSection
	GlobalSection(ExtensibilityGlobals) = postSolution
		SolutionGuid = {0AF28BDE-B69A-479F-8E71-C10B60644027}
	EndGlobalSection
EndGlobal
