
Microsoft Visual Studio Solution File, Format Version 12.00
# Visual Studio Version 16
VisualStudioVersion = 16.0.32106.194
MinimumVisualStudioVersion = 10.0.40219.1
Project("{FAE04EC0-301F-11D3-BF4B-00C04F79EFBC}") = "WinFormsApp1", "WinFormsApp1.csproj", "{0DA83282-FAC8-4AA5-86CB-9398F1DB12E1}"
EndProject
Global
	GlobalSection(SolutionConfigurationPlatforms) = preSolution
		Debug|Any CPU = Debug|Any CPU
		Release|Any CPU = Release|Any CPU
	EndGlobalSection
	GlobalSection(ProjectConfigurationPlatforms) = postSolution
		{0DA83282-FAC8-4AA5-86CB-9398F1DB12E1}.Debug|Any CPU.ActiveCfg = Debug|Any CPU
		{0DA83282-FAC8-4AA5-86CB-9398F1DB12E1}.Debug|Any CPU.Build.0 = Debug|Any CPU
		{0DA83282-FAC8-4AA5-86CB-9398F1DB12E1}.Release|Any CPU.ActiveCfg = Release|Any CPU
		{0DA83282-FAC8-4AA5-86CB-9398F1DB12E1}.Release|Any CPU.Build.0 = Release|Any CPU
	EndGlobalSection
	GlobalSection(SolutionProperties) = preSolution
		HideSolutionNode = FALSE
	EndGlobalSection
	GlobalSection(ExtensibilityGlobals) = postSolution
		SolutionGuid = {06E66674-D3E7-4DFF-A77D-B68431D69793}
	EndGlobalSection
EndGlobal
