
Microsoft Visual Studio Solution File, Format Version 12.00
# Visual Studio Version 16
VisualStudioVersion = 16.0.32106.194
MinimumVisualStudioVersion = 10.0.40219.1
Project("{FAE04EC0-301F-11D3-BF4B-00C04F79EFBC}") = "ClassLibrary2", "ClassLibrary2.csproj", "{42DC0224-ECDF-4421-832D-F9F0B1086DDB}"
EndProject
Global
	GlobalSection(SolutionConfigurationPlatforms) = preSolution
		Debug|Any CPU = Debug|Any CPU
		Release|Any CPU = Release|Any CPU
	EndGlobalSection
	GlobalSection(ProjectConfigurationPlatforms) = postSolution
		{42DC0224-ECDF-4421-832D-F9F0B1086DDB}.Debug|Any CPU.ActiveCfg = Debug|Any CPU
		{42DC0224-ECDF-4421-832D-F9F0B1086DDB}.Debug|Any CPU.Build.0 = Debug|Any CPU
		{42DC0224-ECDF-4421-832D-F9F0B1086DDB}.Release|Any CPU.ActiveCfg = Release|Any CPU
		{42DC0224-ECDF-4421-832D-F9F0B1086DDB}.Release|Any CPU.Build.0 = Release|Any CPU
	EndGlobalSection
	GlobalSection(SolutionProperties) = preSolution
		HideSolutionNode = FALSE
	EndGlobalSection
	GlobalSection(ExtensibilityGlobals) = postSolution
		SolutionGuid = {85E49727-0345-4B91-8DAF-CBC3DCECD982}
	EndGlobalSection
EndGlobal
