
Microsoft Visual Studio Solution File, Format Version 12.00
# Visual Studio Version 17
VisualStudioVersion = 17.10.35013.160
MinimumVisualStudioVersion = 10.0.40219.1
Project("{FAE04EC0-301F-11D3-BF4B-00C04F79EFBC}") = "WindowsFormsRadius", "WindowsFormsRadius\WindowsFormsRadius.csproj", "{6BCDB65D-90A9-4125-BEAB-C526C5C0AE79}"
EndProject
Global
	GlobalSection(SolutionConfigurationPlatforms) = preSolution
		Debug|Any CPU = Debug|Any CPU
		Release|Any CPU = Release|Any CPU
	EndGlobalSection
	GlobalSection(ProjectConfigurationPlatforms) = postSolution
		{6BCDB65D-90A9-4125-BEAB-C526C5C0AE79}.Debug|Any CPU.ActiveCfg = Debug|Any CPU
		{6BCDB65D-90A9-4125-BEAB-C526C5C0AE79}.Debug|Any CPU.Build.0 = Debug|Any CPU
		{6BCDB65D-90A9-4125-BEAB-C526C5C0AE79}.Release|Any CPU.ActiveCfg = Release|Any CPU
		{6BCDB65D-90A9-4125-BEAB-C526C5C0AE79}.Release|Any CPU.Build.0 = Release|Any CPU
	EndGlobalSection
	GlobalSection(SolutionProperties) = preSolution
		HideSolutionNode = FALSE
	EndGlobalSection
	GlobalSection(ExtensibilityGlobals) = postSolution
		SolutionGuid = {929C3A1D-EE0F-49A1-AF7C-B327F9B9E906}
	EndGlobalSection
EndGlobal
