
Microsoft Visual Studio Solution File, Format Version 12.00
# Visual Studio Version 17
VisualStudioVersion = 17.7.34009.444
MinimumVisualStudioVersion = 10.0.40219.1
Project("{FAE04EC0-301F-11D3-BF4B-00C04F79EFBC}") = "MySample", "MySample.csproj", "{0D6E407E-ADF2-40B2-A233-9593E736A447}"
EndProject
Global
	GlobalSection(SolutionConfigurationPlatforms) = preSolution
		Debug|Any CPU = Debug|Any CPU
		Release|Any CPU = Release|Any CPU
	EndGlobalSection
	GlobalSection(ProjectConfigurationPlatforms) = postSolution
		{0D6E407E-ADF2-40B2-A233-9593E736A447}.Debug|Any CPU.ActiveCfg = Debug|Any CPU
		{0D6E407E-ADF2-40B2-A233-9593E736A447}.Debug|Any CPU.Build.0 = Debug|Any CPU
		{0D6E407E-ADF2-40B2-A233-9593E736A447}.Release|Any CPU.ActiveCfg = Release|Any CPU
		{0D6E407E-ADF2-40B2-A233-9593E736A447}.Release|Any CPU.Build.0 = Release|Any CPU
	EndGlobalSection
	GlobalSection(SolutionProperties) = preSolution
		HideSolutionNode = FALSE
	EndGlobalSection
	GlobalSection(ExtensibilityGlobals) = postSolution
		SolutionGuid = {5850C90B-6080-4AAE-AEA2-2515363EC6BB}
	EndGlobalSection
EndGlobal
