
Microsoft Visual Studio Solution File, Format Version 11.00
# Visual Studio 2010
Project("{FAE04EC0-301F-11D3-BF4B-00C04F79EFBC}") = "MyCom64", "MyCom64\MyCom64.csproj", "{42A023BC-C318-4554-991A-5B8EBC2DB548}"
EndProject
Project("{54435603-DBB4-11D2-8724-00A0C9A8B90C}") = "Com64Setup", "Com64Setup\Com64Setup.vdproj", "{A5247A65-FB33-4D03-AED2-A36117658DA0}"
EndProject
Project("{FAE04EC0-301F-11D3-BF4B-00C04F79EFBC}") = "Installer64COM", "Installer64COM\Installer64COM.csproj", "{1DD5E259-67E6-4BAE-BA91-970D74553BC9}"
EndProject
Global
	GlobalSection(SolutionConfigurationPlatforms) = preSolution
		Debug|Any CPU = Debug|Any CPU
		Debug|x64 = Debug|x64
		Release|Any CPU = Release|Any CPU
		Release|x64 = Release|x64
	EndGlobalSection
	GlobalSection(ProjectConfigurationPlatforms) = postSolution
		{42A023BC-C318-4554-991A-5B8EBC2DB548}.Debug|Any CPU.ActiveCfg = Debug|Any CPU
		{42A023BC-C318-4554-991A-5B8EBC2DB548}.Debug|Any CPU.Build.0 = Debug|Any CPU
		{42A023BC-C318-4554-991A-5B8EBC2DB548}.Debug|x64.ActiveCfg = Debug|x64
		{42A023BC-C318-4554-991A-5B8EBC2DB548}.Debug|x64.Build.0 = Debug|x64
		{42A023BC-C318-4554-991A-5B8EBC2DB548}.Release|Any CPU.ActiveCfg = Release|Any CPU
		{42A023BC-C318-4554-991A-5B8EBC2DB548}.Release|Any CPU.Build.0 = Release|Any CPU
		{42A023BC-C318-4554-991A-5B8EBC2DB548}.Release|x64.ActiveCfg = Release|x64
		{42A023BC-C318-4554-991A-5B8EBC2DB548}.Release|x64.Build.0 = Release|x64
		{A5247A65-FB33-4D03-AED2-A36117658DA0}.Debug|Any CPU.ActiveCfg = Debug
		{A5247A65-FB33-4D03-AED2-A36117658DA0}.Debug|x64.ActiveCfg = Debug
		{A5247A65-FB33-4D03-AED2-A36117658DA0}.Release|Any CPU.ActiveCfg = Release
		{A5247A65-FB33-4D03-AED2-A36117658DA0}.Release|x64.ActiveCfg = Release
		{1DD5E259-67E6-4BAE-BA91-970D74553BC9}.Debug|Any CPU.ActiveCfg = Debug|Any CPU
		{1DD5E259-67E6-4BAE-BA91-970D74553BC9}.Debug|Any CPU.Build.0 = Debug|Any CPU
		{1DD5E259-67E6-4BAE-BA91-970D74553BC9}.Debug|x64.ActiveCfg = Debug|Any CPU
		{1DD5E259-67E6-4BAE-BA91-970D74553BC9}.Release|Any CPU.ActiveCfg = Release|Any CPU
		{1DD5E259-67E6-4BAE-BA91-970D74553BC9}.Release|Any CPU.Build.0 = Release|Any CPU
		{1DD5E259-67E6-4BAE-BA91-970D74553BC9}.Release|x64.ActiveCfg = Release|Any CPU
	EndGlobalSection
	GlobalSection(SolutionProperties) = preSolution
		HideSolutionNode = FALSE
	EndGlobalSection
EndGlobal
