
Microsoft Visual Studio Solution File, Format Version 12.00
# Visual Studio Version 16
VisualStudioVersion = 16.0.31129.286
MinimumVisualStudioVersion = 10.0.40219.1
Project("{FAE04EC0-301F-11D3-BF4B-00C04F79EFBC}") = "費式", "費式.csproj", "{01DC7379-3518-4710-BF49-C8E1161A7738}"
EndProject
Global
	GlobalSection(SolutionConfigurationPlatforms) = preSolution
		Debug|Any CPU = Debug|Any CPU
		Release|Any CPU = Release|Any CPU
	EndGlobalSection
	GlobalSection(ProjectConfigurationPlatforms) = postSolution
		{01DC7379-3518-4710-BF49-C8E1161A7738}.Debug|Any CPU.ActiveCfg = Debug|Any CPU
		{01DC7379-3518-4710-BF49-C8E1161A7738}.Debug|Any CPU.Build.0 = Debug|Any CPU
		{01DC7379-3518-4710-BF49-C8E1161A7738}.Release|Any CPU.ActiveCfg = Release|Any CPU
		{01DC7379-3518-4710-BF49-C8E1161A7738}.Release|Any CPU.Build.0 = Release|Any CPU
	EndGlobalSection
	GlobalSection(SolutionProperties) = preSolution
		HideSolutionNode = FALSE
	EndGlobalSection
	GlobalSection(ExtensibilityGlobals) = postSolution
		SolutionGuid = {CB3B79DA-FB4C-4C69-9FF4-9C76FE3DC199}
	EndGlobalSection
EndGlobal
