
Microsoft Visual Studio Solution File, Format Version 12.00
# Visual Studio Version 16
VisualStudioVersion = 16.0.32106.194
MinimumVisualStudioVersion = 10.0.40219.1
Project("{FAE04EC0-301F-11D3-BF4B-00C04F79EFBC}") = "ProgressSample", "ProgressSample.csproj", "{B176900F-4320-4431-8A81-0DDB4BBF47BE}"
EndProject
Global
	GlobalSection(SolutionConfigurationPlatforms) = preSolution
		Debug|Any CPU = Debug|Any CPU
		Release|Any CPU = Release|Any CPU
	EndGlobalSection
	GlobalSection(ProjectConfigurationPlatforms) = postSolution
		{B176900F-4320-4431-8A81-0DDB4BBF47BE}.Debug|Any CPU.ActiveCfg = Debug|Any CPU
		{B176900F-4320-4431-8A81-0DDB4BBF47BE}.Debug|Any CPU.Build.0 = Debug|Any CPU
		{B176900F-4320-4431-8A81-0DDB4BBF47BE}.Release|Any CPU.ActiveCfg = Release|Any CPU
		{B176900F-4320-4431-8A81-0DDB4BBF47BE}.Release|Any CPU.Build.0 = Release|Any CPU
	EndGlobalSection
	GlobalSection(SolutionProperties) = preSolution
		HideSolutionNode = FALSE
	EndGlobalSection
	GlobalSection(ExtensibilityGlobals) = postSolution
		SolutionGuid = {B3F1E8D2-B61D-483D-A43B-3531985417BA}
	EndGlobalSection
EndGlobal
