
Microsoft Visual Studio Solution File, Format Version 12.00
# Visual Studio Version 16
VisualStudioVersion = 16.0.32106.194
MinimumVisualStudioVersion = 10.0.40219.1
Project("{FAE04EC0-301F-11D3-BF4B-00C04F79EFBC}") = "TestTimerWithTryCatch", "TestTimerWithTryCatch.csproj", "{DB4F7EDE-E05F-485C-B6CA-3BCA68BCAD98}"
EndProject
Global
	GlobalSection(SolutionConfigurationPlatforms) = preSolution
		Debug|Any CPU = Debug|Any CPU
		Release|Any CPU = Release|Any CPU
	EndGlobalSection
	GlobalSection(ProjectConfigurationPlatforms) = postSolution
		{DB4F7EDE-E05F-485C-B6CA-3BCA68BCAD98}.Debug|Any CPU.ActiveCfg = Debug|Any CPU
		{DB4F7EDE-E05F-485C-B6CA-3BCA68BCAD98}.Debug|Any CPU.Build.0 = Debug|Any CPU
		{DB4F7EDE-E05F-485C-B6CA-3BCA68BCAD98}.Release|Any CPU.ActiveCfg = Release|Any CPU
		{DB4F7EDE-E05F-485C-B6CA-3BCA68BCAD98}.Release|Any CPU.Build.0 = Release|Any CPU
	EndGlobalSection
	GlobalSection(SolutionProperties) = preSolution
		HideSolutionNode = FALSE
	EndGlobalSection
	GlobalSection(ExtensibilityGlobals) = postSolution
		SolutionGuid = {C662B411-E6C9-4CEC-9D9C-D809A90BA950}
	EndGlobalSection
EndGlobal
